// !$*UTF8*$!
{
	archiveVersion = 1;
	classes = {
	};
	objectVersion = 50;
	objects = {

/* Begin PBXBuildFile section */
		B90C0A522638A03E00D4A93A /* LocationDetailsViewController.swift in Sources */ = {isa = PBXBuildFile; fileRef = B90C0A512638A03E00D4A93A /* LocationDetailsViewController.swift */; };
		B91B37C7263E245400E6E114 /* Location+CoreDataClass.swift in Sources */ = {isa = PBXBuildFile; fileRef = B91B37C5263E245400E6E114 /* Location+CoreDataClass.swift */; };
		B91B37C8263E245400E6E114 /* Location+CoreDataProperties.swift in Sources */ = {isa = PBXBuildFile; fileRef = B91B37C6263E245400E6E114 /* Location+CoreDataProperties.swift */; };
		B96198F12649C12100878810 /* String+AddText.swift in Sources */ = {isa = PBXBuildFile; fileRef = B96198F02649C12100878810 /* String+AddText.swift */; };
		B96198F4264A067800878810 /* Sound in Resources */ = {isa = PBXBuildFile; fileRef = B96198F3264A067800878810 /* Sound */; };
		B983D76E26420F1100585D21 /* LocationsViewController.swift in Sources */ = {isa = PBXBuildFile; fileRef = B983D76D26420F1100585D21 /* LocationsViewController.swift */; };
		B983D77026421D9B00585D21 /* LocationCell.swift in Sources */ = {isa = PBXBuildFile; fileRef = B983D76F26421D9B00585D21 /* LocationCell.swift */; };
		B98460852639FA6900BE0BFF /* CategoryPickerViewController.swift in Sources */ = {isa = PBXBuildFile; fileRef = B98460842639FA6900BE0BFF /* CategoryPickerViewController.swift */; };
		B9846087263A215300BE0BFF /* HudView.swift in Sources */ = {isa = PBXBuildFile; fileRef = B9846086263A215300BE0BFF /* HudView.swift */; };
		B9846089263A42E300BE0BFF /* Functions.swift in Sources */ = {isa = PBXBuildFile; fileRef = B9846088263A42E300BE0BFF /* Functions.swift */; };
		B9943F2C26231B4900218127 /* AppDelegate.swift in Sources */ = {isa = PBXBuildFile; fileRef = B9943F2B26231B4900218127 /* AppDelegate.swift */; };
		B9943F2E26231B4900218127 /* SceneDelegate.swift in Sources */ = {isa = PBXBuildFile; fileRef = B9943F2D26231B4900218127 /* SceneDelegate.swift */; };
		B9943F3026231B4900218127 /* CurrentLocationViewController.swift in Sources */ = {isa = PBXBuildFile; fileRef = B9943F2F26231B4900218127 /* CurrentLocationViewController.swift */; };
		B9943F3326231B4900218127 /* Main.storyboard in Resources */ = {isa = PBXBuildFile; fileRef = B9943F3126231B4900218127 /* Main.storyboard */; };
		B9943F3626231B4900218127 /* MyLocations.xcdatamodeld in Sources */ = {isa = PBXBuildFile; fileRef = B9943F3426231B4900218127 /* MyLocations.xcdatamodeld */; };
		B9943F3826231B4A00218127 /* Assets.xcassets in Resources */ = {isa = PBXBuildFile; fileRef = B9943F3726231B4A00218127 /* Assets.xcassets */; };
		B9943F3B26231B4A00218127 /* LaunchScreen.storyboard in Resources */ = {isa = PBXBuildFile; fileRef = B9943F3926231B4A00218127 /* LaunchScreen.storyboard */; };
		B9BFB3DE2645F6D9005B5E82 /* MapViewController.swift in Sources */ = {isa = PBXBuildFile; fileRef = B9BFB3DD2645F6D9005B5E82 /* MapViewController.swift */; };
		B9D1E8852648ACDB00B0D21B /* UIImage+Resize.swift in Sources */ = {isa = PBXBuildFile; fileRef = B9D1E8842648ACDB00B0D21B /* UIImage+Resize.swift */; };
/* End PBXBuildFile section */

/* Begin PBXFileReference section */
		B90C0A512638A03E00D4A93A /* LocationDetailsViewController.swift */ = {isa = PBXFileReference; lastKnownFileType = sourcecode.swift; path = LocationDetailsViewController.swift; sourceTree = "<group>"; };
		B91B37C5263E245400E6E114 /* Location+CoreDataClass.swift */ = {isa = PBXFileReference; lastKnownFileType = sourcecode.swift; path = "Location+CoreDataClass.swift"; sourceTree = "<group>"; };
		B91B37C6263E245400E6E114 /* Location+CoreDataProperties.swift */ = {isa = PBXFileReference; lastKnownFileType = sourcecode.swift; path = "Location+CoreDataProperties.swift"; sourceTree = "<group>"; };
		B96198F02649C12100878810 /* String+AddText.swift */ = {isa = PBXFileReference; lastKnownFileType = sourcecode.swift; path = "String+AddText.swift"; sourceTree = "<group>"; };
		B96198F3264A067800878810 /* Sound */ = {isa = PBXFileReference; lastKnownFileType = folder; path = Sound; sourceTree = "<group>"; };
		B983D76D26420F1100585D21 /* LocationsViewController.swift */ = {isa = PBXFileReference; lastKnownFileType = sourcecode.swift; path = LocationsViewController.swift; sourceTree = "<group>"; };
		B983D76F26421D9B00585D21 /* LocationCell.swift */ = {isa = PBXFileReference; lastKnownFileType = sourcecode.swift; path = LocationCell.swift; sourceTree = "<group>"; };
		B98460842639FA6900BE0BFF /* CategoryPickerViewController.swift */ = {isa = PBXFileReference; lastKnownFileType = sourcecode.swift; path = CategoryPickerViewController.swift; sourceTree = "<group>"; };
		B9846086263A215300BE0BFF /* HudView.swift */ = {isa = PBXFileReference; lastKnownFileType = sourcecode.swift; path = HudView.swift; sourceTree = "<group>"; };
		B9846088263A42E300BE0BFF /* Functions.swift */ = {isa = PBXFileReference; lastKnownFileType = sourcecode.swift; path = Functions.swift; sourceTree = "<group>"; };
		B9943F2826231B4900218127 /* MyLocations.app */ = {isa = PBXFileReference; explicitFileType = wrapper.application; includeInIndex = 0; path = MyLocations.app; sourceTree = BUILT_PRODUCTS_DIR; };
		B9943F2B26231B4900218127 /* AppDelegate.swift */ = {isa = PBXFileReference; lastKnownFileType = sourcecode.swift; path = AppDelegate.swift; sourceTree = "<group>"; };
		B9943F2D26231B4900218127 /* SceneDelegate.swift */ = {isa = PBXFileReference; lastKnownFileType = sourcecode.swift; path = SceneDelegate.swift; sourceTree = "<group>"; };
		B9943F2F26231B4900218127 /* CurrentLocationViewController.swift */ = {isa = PBXFileReference; lastKnownFileType = sourcecode.swift; path = CurrentLocationViewController.swift; sourceTree = "<group>"; };
		B9943F3226231B4900218127 /* Base */ = {isa = PBXFileReference; lastKnownFileType = file.storyboard; name = Base; path = Base.lproj/Main.storyboard; sourceTree = "<group>"; };
		B9943F3526231B4900218127 /* MyLocations.xcdatamodel */ = {isa = PBXFileReference; lastKnownFileType = wrapper.xcdatamodel; path = MyLocations.xcdatamodel; sourceTree = "<group>"; };
		B9943F3726231B4A00218127 /* Assets.xcassets */ = {isa = PBXFileReference; lastKnownFileType = folder.assetcatalog; path = Assets.xcassets; sourceTree = "<group>"; };
		B9943F3A26231B4A00218127 /* Base */ = {isa = PBXFileReference; lastKnownFileType = file.storyboard; name = Base; path = Base.lproj/LaunchScreen.storyboard; sourceTree = "<group>"; };
		B9943F3C26231B4A00218127 /* Info.plist */ = {isa = PBXFileReference; lastKnownFileType = text.plist.xml; path = Info.plist; sourceTree = "<group>"; };
		B9BFB3DD2645F6D9005B5E82 /* MapViewController.swift */ = {isa = PBXFileReference; lastKnownFileType = sourcecode.swift; path = MapViewController.swift; sourceTree = "<group>"; };
		B9D1E8842648ACDB00B0D21B /* UIImage+Resize.swift */ = {isa = PBXFileReference; lastKnownFileType = sourcecode.swift; path = "UIImage+Resize.swift"; sourceTree = "<group>"; };
/* End PBXFileReference section */

/* Begin PBXFrameworksBuildPhase section */
		B9943F2526231B4900218127 /* Frameworks */ = {
			isa = PBXFrameworksBuildPhase;
			buildActionMask = 2147483647;
			files = (
			);
			runOnlyForDeploymentPostprocessing = 0;
		};
/* End PBXFrameworksBuildPhase section */

/* Begin PBXGroup section */
		B91B37C9263E289800E6E114 /* Data Model */ = {
			isa = PBXGroup;
			children = (
				B91B37C5263E245400E6E114 /* Location+CoreDataClass.swift */,
				B91B37C6263E245400E6E114 /* Location+CoreDataProperties.swift */,
				B9943F3426231B4900218127 /* MyLocations.xcdatamodeld */,
			);
			path = "Data Model";
			sourceTree = "<group>";
		};
		B91B37CB263E291D00E6E114 /* View Controllers */ = {
			isa = PBXGroup;
			children = (
				B9943F2F26231B4900218127 /* CurrentLocationViewController.swift */,
				B90C0A512638A03E00D4A93A /* LocationDetailsViewController.swift */,
				B98460842639FA6900BE0BFF /* CategoryPickerViewController.swift */,
				B983D76D26420F1100585D21 /* LocationsViewController.swift */,
				B9BFB3DD2645F6D9005B5E82 /* MapViewController.swift */,
			);
			path = "View Controllers";
			sourceTree = "<group>";
		};
		B983D7712643674500585D21 /* Table View */ = {
			isa = PBXGroup;
			children = (
				B983D76F26421D9B00585D21 /* LocationCell.swift */,
				B9D1E8842648ACDB00B0D21B /* UIImage+Resize.swift */,
			);
			path = "Table View";
			sourceTree = "<group>";
		};
		B9943F1F26231B4900218127 = {
			isa = PBXGroup;
			children = (
				B9943F2A26231B4900218127 /* MyLocations */,
				B9943F2926231B4900218127 /* Products */,
			);
			sourceTree = "<group>";
		};
		B9943F2926231B4900218127 /* Products */ = {
			isa = PBXGroup;
			children = (
				B9943F2826231B4900218127 /* MyLocations.app */,
			);
			name = Products;
			sourceTree = "<group>";
		};
		B9943F2A26231B4900218127 /* MyLocations */ = {
			isa = PBXGroup;
			children = (
				B91B37CB263E291D00E6E114 /* View Controllers */,
				B91B37C9263E289800E6E114 /* Data Model */,
				B983D7712643674500585D21 /* Table View */,
				B9846088263A42E300BE0BFF /* Functions.swift */,
				B96198F02649C12100878810 /* String+AddText.swift */,
				B9846086263A215300BE0BFF /* HudView.swift */,
				B9943F2B26231B4900218127 /* AppDelegate.swift */,
				B9943F2D26231B4900218127 /* SceneDelegate.swift */,
				B9943F3126231B4900218127 /* Main.storyboard */,
				B9943F3726231B4A00218127 /* Assets.xcassets */,
				B96198F3264A067800878810 /* Sound */,
				B9943F3926231B4A00218127 /* LaunchScreen.storyboard */,
				B9943F3C26231B4A00218127 /* Info.plist */,
			);
			path = MyLocations;
			sourceTree = "<group>";
		};
/* End PBXGroup section */

/* Begin PBXNativeTarget section */
		B9943F2726231B4900218127 /* MyLocations */ = {
			isa = PBXNativeTarget;
			buildConfigurationList = B9943F3F26231B4A00218127 /* Build configuration list for PBXNativeTarget "MyLocations" */;
			buildPhases = (
				B9943F2426231B4900218127 /* Sources */,
				B9943F2526231B4900218127 /* Frameworks */,
				B9943F2626231B4900218127 /* Resources */,
			);
			buildRules = (
			);
			dependencies = (
			);
			name = MyLocations;
			productName = MyLocations;
			productReference = B9943F2826231B4900218127 /* MyLocations.app */;
			productType = "com.apple.product-type.application";
		};
/* End PBXNativeTarget section */

/* Begin PBXProject section */
		B9943F2026231B4900218127 /* Project object */ = {
			isa = PBXProject;
			attributes = {
				LastSwiftUpdateCheck = 1240;
				LastUpgradeCheck = 1240;
				TargetAttributes = {
					B9943F2726231B4900218127 = {
						CreatedOnToolsVersion = 12.4;
					};
				};
			};
			buildConfigurationList = B9943F2326231B4900218127 /* Build configuration list for PBXProject "MyLocations" */;
			compatibilityVersion = "Xcode 9.3";
			developmentRegion = en;
			hasScannedForEncodings = 0;
			knownRegions = (
				en,
				Base,
			);
			mainGroup = B9943F1F26231B4900218127;
			productRefGroup = B9943F2926231B4900218127 /* Products */;
			projectDirPath = "";
			projectRoot = "";
			targets = (
				B9943F2726231B4900218127 /* MyLocations */,
			);
		};
/* End PBXProject section */

/* Begin PBXResourcesBuildPhase section */
		B9943F2626231B4900218127 /* Resources */ = {
			isa = PBXResourcesBuildPhase;
			buildActionMask = 2147483647;
			files = (
				B9943F3B26231B4A00218127 /* LaunchScreen.storyboard in Resources */,
				B9943F3826231B4A00218127 /* Assets.xcassets in Resources */,
				B96198F4264A067800878810 /* Sound in Resources */,
				B9943F3326231B4900218127 /* Main.storyboard in Resources */,
			);
			runOnlyForDeploymentPostprocessing = 0;
		};
/* End PBXResourcesBuildPhase section */

/* Begin PBXSourcesBuildPhase section */
		B9943F2426231B4900218127 /* Sources */ = {
			isa = PBXSourcesBuildPhase;
			buildActionMask = 2147483647;
			files = (
				B98460852639FA6900BE0BFF /* CategoryPickerViewController.swift in Sources */,
				B9943F3026231B4900218127 /* CurrentLocationViewController.swift in Sources */,
				B9943F2C26231B4900218127 /* AppDelegate.swift in Sources */,
				B9846089263A42E300BE0BFF /* Functions.swift in Sources */,
				B983D76E26420F1100585D21 /* LocationsViewController.swift in Sources */,
				B91B37C8263E245400E6E114 /* Location+CoreDataProperties.swift in Sources */,
				B9BFB3DE2645F6D9005B5E82 /* MapViewController.swift in Sources */,
				B9D1E8852648ACDB00B0D21B /* UIImage+Resize.swift in Sources */,
				B983D77026421D9B00585D21 /* LocationCell.swift in Sources */,
				B9943F3626231B4900218127 /* MyLocations.xcdatamodeld in Sources */,
				B9943F2E26231B4900218127 /* SceneDelegate.swift in Sources */,
				B91B37C7263E245400E6E114 /* Location+CoreDataClass.swift in Sources */,
				B96198F12649C12100878810 /* String+AddText.swift in Sources */,
				B9846087263A215300BE0BFF /* HudView.swift in Sources */,
				B90C0A522638A03E00D4A93A /* LocationDetailsViewController.swift in Sources */,
			);
			runOnlyForDeploymentPostprocessing = 0;
		};
/* End PBXSourcesBuildPhase section */

/* Begin PBXVariantGroup section */
		B9943F3126231B4900218127 /* Main.storyboard */ = {
			isa = PBXVariantGroup;
			children = (
				B9943F3226231B4900218127 /* Base */,
			);
			name = Main.storyboard;
			sourceTree = "<group>";
		};
		B9943F3926231B4A00218127 /* LaunchScreen.storyboard */ = {
			isa = PBXVariantGroup;
			children = (
				B9943F3A26231B4A00218127 /* Base */,
			);
			name = LaunchScreen.storyboard;
			sourceTree = "<group>";
		};
/* End PBXVariantGroup section */

/* Begin XCBuildConfiguration section */
		B9943F3D26231B4A00218127 /* Debug */ = {
			isa = XCBuildConfiguration;
			buildSettings = {
				ALWAYS_SEARCH_USER_PATHS = NO;
				CLANG_ANALYZER_NONNULL = YES;
				CLANG_ANALYZER_NUMBER_OBJECT_CONVERSION = YES_AGGRESSIVE;
				CLANG_CXX_LANGUAGE_STANDARD = "gnu++14";
				CLANG_CXX_LIBRARY = "libc++";
				CLANG_ENABLE_MODULES = YES;
				CLANG_ENABLE_OBJC_ARC = YES;
				CLANG_ENABLE_OBJC_WEAK = YES;
				CLANG_WARN_BLOCK_CAPTURE_AUTORELEASING = YES;
				CLANG_WARN_BOOL_CONVERSION = YES;
				CLANG_WARN_COMMA = YES;
				CLANG_WARN_CONSTANT_CONVERSION = YES;
				CLANG_WARN_DEPRECATED_OBJC_IMPLEMENTATIONS = YES;
				CLANG_WARN_DIRECT_OBJC_ISA_USAGE = YES_ERROR;
				CLANG_WARN_DOCUMENTATION_COMMENTS = YES;
				CLANG_WARN_EMPTY_BODY = YES;
				CLANG_WARN_ENUM_CONVERSION = YES;
				CLANG_WARN_INFINITE_RECURSION = YES;
				CLANG_WARN_INT_CONVERSION = YES;
				CLANG_WARN_NON_LITERAL_NULL_CONVERSION = YES;
				CLANG_WARN_OBJC_IMPLICIT_RETAIN_SELF = YES;
				CLANG_WARN_OBJC_LITERAL_CONVERSION = YES;
				CLANG_WARN_OBJC_ROOT_CLASS = YES_ERROR;
				CLANG_WARN_QUOTED_INCLUDE_IN_FRAMEWORK_HEADER = YES;
				CLANG_WARN_RANGE_LOOP_ANALYSIS = YES;
				CLANG_WARN_STRICT_PROTOTYPES = YES;
				CLANG_WARN_SUSPICIOUS_MOVE = YES;
				CLANG_WARN_UNGUARDED_AVAILABILITY = YES_AGGRESSIVE;
				CLANG_WARN_UNREACHABLE_CODE = YES;
				CLANG_WARN__DUPLICATE_METHOD_MATCH = YES;
				COPY_PHASE_STRIP = NO;
				DEBUG_INFORMATION_FORMAT = dwarf;
				ENABLE_STRICT_OBJC_MSGSEND = YES;
				ENABLE_TESTABILITY = YES;
				GCC_C_LANGUAGE_STANDARD = gnu11;
				GCC_DYNAMIC_NO_PIC = NO;
				GCC_NO_COMMON_BLOCKS = YES;
				GCC_OPTIMIZATION_LEVEL = 0;
				GCC_PREPROCESSOR_DEFINITIONS = (
					"DEBUG=1",
					"$(inherited)",
				);
				GCC_WARN_64_TO_32_BIT_CONVERSION = YES;
				GCC_WARN_ABOUT_RETURN_TYPE = YES_ERROR;
				GCC_WARN_UNDECLARED_SELECTOR = YES;
				GCC_WARN_UNINITIALIZED_AUTOS = YES_AGGRESSIVE;
				GCC_WARN_UNUSED_FUNCTION = YES;
				GCC_WARN_UNUSED_VARIABLE = YES;
				IPHONEOS_DEPLOYMENT_TARGET = 14.4;
				MTL_ENABLE_DEBUG_INFO = INCLUDE_SOURCE;
				MTL_FAST_MATH = YES;
				ONLY_ACTIVE_ARCH = YES;
				SDKROOT = iphoneos;
				SWIFT_ACTIVE_COMPILATION_CONDITIONS = DEBUG;
				SWIFT_OPTIMIZATION_LEVEL = "-Onone";
			};
			name = Debug;
		};
		B9943F3E26231B4A00218127 /* Release */ = {
			isa = XCBuildConfiguration;
			buildSettings = {
				ALWAYS_SEARCH_USER_PATHS = NO;
				CLANG_ANALYZER_NONNULL = YES;
				CLANG_ANALYZER_NUMBER_OBJECT_CONVERSION = YES_AGGRESSIVE;
				CLANG_CXX_LANGUAGE_STANDARD = "gnu++14";
				CLANG_CXX_LIBRARY = "libc++";
				CLANG_ENABLE_MODULES = YES;
				CLANG_ENABLE_OBJC_ARC = YES;
				CLANG_ENABLE_OBJC_WEAK = YES;
				CLANG_WARN_BLOCK_CAPTURE_AUTORELEASING = YES;
				CLANG_WARN_BOOL_CONVERSION = YES;
				CLANG_WARN_COMMA = YES;
				CLANG_WARN_CONSTANT_CONVERSION = YES;
				CLANG_WARN_DEPRECATED_OBJC_IMPLEMENTATIONS = YES;
				CLANG_WARN_DIRECT_OBJC_ISA_USAGE = YES_ERROR;
				CLANG_WARN_DOCUMENTATION_COMMENTS = YES;
				CLANG_WARN_EMPTY_BODY = YES;
				CLANG_WARN_ENUM_CONVERSION = YES;
				CLANG_WARN_INFINITE_RECURSION = YES;
				CLANG_WARN_INT_CONVERSION = YES;
				CLANG_WARN_NON_LITERAL_NULL_CONVERSION = YES;
				CLANG_WARN_OBJC_IMPLICIT_RETAIN_SELF = YES;
				CLANG_WARN_OBJC_LITERAL_CONVERSION = YES;
				CLANG_WARN_OBJC_ROOT_CLASS = YES_ERROR;
				CLANG_WARN_QUOTED_INCLUDE_IN_FRAMEWORK_HEADER = YES;
				CLANG_WARN_RANGE_LOOP_ANALYSIS = YES;
				CLANG_WARN_STRICT_PROTOTYPES = YES;
				CLANG_WARN_SUSPICIOUS_MOVE = YES;
				CLANG_WARN_UNGUARDED_AVAILABILITY = YES_AGGRESSIVE;
				CLANG_WARN_UNREACHABLE_CODE = YES;
				CLANG_WARN__DUPLICATE_METHOD_MATCH = YES;
				COPY_PHASE_STRIP = NO;
				DEBUG_INFORMATION_FORMAT = "dwarf-with-dsym";
				ENABLE_NS_ASSERTIONS = NO;
				ENABLE_STRICT_OBJC_MSGSEND = YES;
				GCC_C_LANGUAGE_STANDARD = gnu11;
				GCC_NO_COMMON_BLOCKS = YES;
				GCC_WARN_64_TO_32_BIT_CONVERSION = YES;
				GCC_WARN_ABOUT_RETURN_TYPE = YES_ERROR;
				GCC_WARN_UNDECLARED_SELECTOR = YES;
				GCC_WARN_UNINITIALIZED_AUTOS = YES_AGGRESSIVE;
				GCC_WARN_UNUSED_FUNCTION = YES;
				GCC_WARN_UNUSED_VARIABLE = YES;
				IPHONEOS_DEPLOYMENT_TARGET = 14.4;
				MTL_ENABLE_DEBUG_INFO = NO;
				MTL_FAST_MATH = YES;
				SDKROOT = iphoneos;
				SWIFT_COMPILATION_MODE = wholemodule;
				SWIFT_OPTIMIZATION_LEVEL = "-O";
				VALIDATE_PRODUCT = YES;
			};
			name = Release;
		};
		B9943F4026231B4A00218127 /* Debug */ = {
			isa = XCBuildConfiguration;
			buildSettings = {
				ASSETCATALOG_COMPILER_APPICON_NAME = AppIcon;
				ASSETCATALOG_COMPILER_GLOBAL_ACCENT_COLOR_NAME = AccentColor;
				CODE_SIGN_STYLE = Automatic;
				DEVELOPMENT_TEAM = 6SWPW4P63L;
				INFOPLIST_FILE = MyLocations/Info.plist;
				LD_RUNPATH_SEARCH_PATHS = (
					"$(inherited)",
					"@executable_path/Frameworks",
				);
				PRODUCT_BUNDLE_IDENTIFIER = com.tpirturk.MyLocations;
				PRODUCT_NAME = "$(TARGET_NAME)";
				SWIFT_VERSION = 5.0;
				TARGETED_DEVICE_FAMILY = "1,2";
			};
			name = Debug;
		};
		B9943F4126231B4A00218127 /* Release */ = {
			isa = XCBuildConfiguration;
			buildSettings = {
				ASSETCATALOG_COMPILER_APPICON_NAME = AppIcon;
				ASSETCATALOG_COMPILER_GLOBAL_ACCENT_COLOR_NAME = AccentColor;
				CODE_SIGN_STYLE = Automatic;
				DEVELOPMENT_TEAM = 6SWPW4P63L;
				INFOPLIST_FILE = MyLocations/Info.plist;
				LD_RUNPATH_SEARCH_PATHS = (
					"$(inherited)",
					"@executable_path/Frameworks",
				);
				PRODUCT_BUNDLE_IDENTIFIER = com.tpirturk.MyLocations;
				PRODUCT_NAME = "$(TARGET_NAME)";
				SWIFT_VERSION = 5.0;
				TARGETED_DEVICE_FAMILY = "1,2";
			};
			name = Release;
		};
/* End XCBuildConfiguration section */

/* Begin XCConfigurationList section */
		B9943F2326231B4900218127 /* Build configuration list for PBXProject "MyLocations" */ = {
			isa = XCConfigurationList;
			buildConfigurations = (
				B9943F3D26231B4A00218127 /* Debug */,
				B9943F3E26231B4A00218127 /* Release */,
			);
			defaultConfigurationIsVisible = 0;
			defaultConfigurationName = Release;
		};
		B9943F3F26231B4A00218127 /* Build configuration list for PBXNativeTarget "MyLocations" */ = {
			isa = XCConfigurationList;
			buildConfigurations = (
				B9943F4026231B4A00218127 /* Debug */,
				B9943F4126231B4A00218127 /* Release */,
			);
			defaultConfigurationIsVisible = 0;
			defaultConfigurationName = Release;
		};
/* End XCConfigurationList section */

/* Begin XCVersionGroup section */
		B9943F3426231B4900218127 /* MyLocations.xcdatamodeld */ = {
			isa = XCVersionGroup;
			children = (
				B9943F3526231B4900218127 /* MyLocations.xcdatamodel */,
			);
			currentVersion = B9943F3526231B4900218127 /* MyLocations.xcdatamodel */;
			path = MyLocations.xcdatamodeld;
			sourceTree = "<group>";
			versionGroupType = wrapper.xcdatamodel;
		};
/* End XCVersionGroup section */
	};
	rootObject = B9943F2026231B4900218127 /* Project object */;
}
